
Microsoft Visual Studio Solution File, Format Version 12.00
# Visual Studio Version 17
VisualStudioVersion = 17.11.35312.102
MinimumVisualStudioVersion = 10.0.40219.1
Project("{2150E333-8FDC-42A3-9474-1A3956D46DE8}") = "src", "src", "{E8635CBB-8F66-4079-9A9F-96CB9ACBFF31}"
EndProject
Project("{FAE04EC0-301F-11D3-BF4B-00C04F79EFBC}") = "Crud", "src\Crud\Crud.csproj", "{086FC2A9-A2FB-40F2-A71D-28C2B3FA2164}"
EndProject
Global
	GlobalSection(SolutionConfigurationPlatforms) = preSolution
		Debug|Any CPU = Debug|Any CPU
		Release|Any CPU = Release|Any CPU
	EndGlobalSection
	GlobalSection(ProjectConfigurationPlatforms) = postSolution
		{086FC2A9-A2FB-40F2-A71D-28C2B3FA2164}.Debug|Any CPU.ActiveCfg = Debug|Any CPU
		{086FC2A9-A2FB-40F2-A71D-28C2B3FA2164}.Debug|Any CPU.Build.0 = Debug|Any CPU
		{086FC2A9-A2FB-40F2-A71D-28C2B3FA2164}.Release|Any CPU.ActiveCfg = Release|Any CPU
		{086FC2A9-A2FB-40F2-A71D-28C2B3FA2164}.Release|Any CPU.Build.0 = Release|Any CPU
	EndGlobalSection
	GlobalSection(SolutionProperties) = preSolution
		HideSolutionNode = FALSE
	EndGlobalSection
	GlobalSection(NestedProjects) = preSolution
		{086FC2A9-A2FB-40F2-A71D-28C2B3FA2164} = {E8635CBB-8F66-4079-9A9F-96CB9ACBFF31}
	EndGlobalSection
	GlobalSection(ExtensibilityGlobals) = postSolution
		SolutionGuid = {FD83C3FE-7491-47B6-B3B6-BFD0BCFF6951}
	EndGlobalSection
EndGlobal
