
Microsoft Visual Studio Solution File, Format Version 12.00
# Visual Studio Version 17
VisualStudioVersion = 17.11.35327.3
MinimumVisualStudioVersion = 10.0.40219.1
Project("{2150E333-8FDC-42A3-9474-1A3956D46DE8}") = "src", "src", "{FCFEA2F2-C35C-4FD5-910F-1655A285C503}"
EndProject
Project("{2150E333-8FDC-42A3-9474-1A3956D46DE8}") = "Building Blocks", "Building Blocks", "{4F23E62A-5C53-45C1-9C5C-C993FFF00BFF}"
EndProject
Project("{2150E333-8FDC-42A3-9474-1A3956D46DE8}") = "Services", "Services", "{A6C724F3-C638-4849-91BD-DEC22E96C87E}"
EndProject
Project("{2150E333-8FDC-42A3-9474-1A3956D46DE8}") = "Web", "Web", "{EE59F7D3-5D69-479B-9E92-001FBE9EA37B}"
EndProject
Project("{2150E333-8FDC-42A3-9474-1A3956D46DE8}") = "Identidade", "Identidade", "{01522632-0AB4-4A18-8429-53B67CA7A081}"
EndProject
Project("{2150E333-8FDC-42A3-9474-1A3956D46DE8}") = "MVC", "MVC", "{508FD3C2-0593-4448-B149-AACA2DC120BE}"
EndProject
Project("{9A19103F-16F7-4668-BE54-9A1E7A4F7556}") = "NSE.WebApp.MVC", "src\web\NSE.WebApp.MVC\NSE.WebApp.MVC.csproj", "{DB92EB0D-D261-4FD3-A18F-577D2F0B0C02}"
EndProject
Project("{2150E333-8FDC-42A3-9474-1A3956D46DE8}") = "Core", "Core", "{9AE798D9-AC6F-484D-8272-72A758797864}"
EndProject
Project("{9A19103F-16F7-4668-BE54-9A1E7A4F7556}") = "NSE.Core", "src\building blocks\NSE.Core\NSE.Core.csproj", "{E4E73ADE-AB22-4C4D-94A8-18ACF9408055}"
EndProject
Project("{2150E333-8FDC-42A3-9474-1A3956D46DE8}") = "Carrinho", "Carrinho", "{C86FE992-F103-491A-B74F-74D60BDCDE64}"
EndProject
Project("{2150E333-8FDC-42A3-9474-1A3956D46DE8}") = "Catalogo", "Catalogo", "{D83013AC-08BD-4EA3-9226-C67689044148}"
EndProject
Project("{2150E333-8FDC-42A3-9474-1A3956D46DE8}") = "Cliente", "Cliente", "{BEFF44EB-668F-4FD2-A210-F540A1A8AD40}"
EndProject
Project("{2150E333-8FDC-42A3-9474-1A3956D46DE8}") = "Pagamento", "Pagamento", "{3B471833-0369-4DD3-9C54-004EF660C214}"
EndProject
Project("{2150E333-8FDC-42A3-9474-1A3956D46DE8}") = "Pedido", "Pedido", "{990A4CF9-CFA8-4B42-8AB0-4092BBD39AD6}"
EndProject
Project("{9A19103F-16F7-4668-BE54-9A1E7A4F7556}") = "NSE.Carrinho.API", "src\services\NSE.Carrinho.API\NSE.Carrinho.API.csproj", "{2E16F75A-E1D2-4014-9ABE-F4E8309D90E3}"
EndProject
Project("{9A19103F-16F7-4668-BE54-9A1E7A4F7556}") = "NSE.Catalogo.API", "src\services\NSE.Catalogo.API\NSE.Catalogo.API.csproj", "{9CD47689-64B5-4D6B-AEC3-16AD39412DC1}"
EndProject
Project("{9A19103F-16F7-4668-BE54-9A1E7A4F7556}") = "NSE.Cliente.API", "src\services\NSE.Cliente.API\NSE.Cliente.API.csproj", "{8942EB82-B3C1-4348-B7DD-D311230B78C6}"
EndProject
Project("{9A19103F-16F7-4668-BE54-9A1E7A4F7556}") = "NSE.Pagamento.API", "src\services\NSE.Pagamento.API\NSE.Pagamento.API.csproj", "{3A78F558-35EC-4CA7-99BC-6AF5B1E8D95F}"
EndProject
Project("{9A19103F-16F7-4668-BE54-9A1E7A4F7556}") = "NSE.Pedido.API", "src\services\NSE.Pedido.API\NSE.Pedido.API.csproj", "{8E924618-45D2-4483-BF16-DB12370AED75}"
EndProject
Project("{9A19103F-16F7-4668-BE54-9A1E7A4F7556}") = "NSE.Identidade.API", "src\services\NSE.Identidade.API\NSE.Identidade.API\NSE.Identidade.API.csproj", "{E30380D4-C803-4E44-9B53-E253DAF8A278}"
EndProject
Global
	GlobalSection(SolutionConfigurationPlatforms) = preSolution
		Debug|Any CPU = Debug|Any CPU
		Release|Any CPU = Release|Any CPU
	EndGlobalSection
	GlobalSection(ProjectConfigurationPlatforms) = postSolution
		{DB92EB0D-D261-4FD3-A18F-577D2F0B0C02}.Debug|Any CPU.ActiveCfg = Debug|Any CPU
		{DB92EB0D-D261-4FD3-A18F-577D2F0B0C02}.Debug|Any CPU.Build.0 = Debug|Any CPU
		{DB92EB0D-D261-4FD3-A18F-577D2F0B0C02}.Release|Any CPU.ActiveCfg = Release|Any CPU
		{DB92EB0D-D261-4FD3-A18F-577D2F0B0C02}.Release|Any CPU.Build.0 = Release|Any CPU
		{E4E73ADE-AB22-4C4D-94A8-18ACF9408055}.Debug|Any CPU.ActiveCfg = Debug|Any CPU
		{E4E73ADE-AB22-4C4D-94A8-18ACF9408055}.Debug|Any CPU.Build.0 = Debug|Any CPU
		{E4E73ADE-AB22-4C4D-94A8-18ACF9408055}.Release|Any CPU.ActiveCfg = Release|Any CPU
		{E4E73ADE-AB22-4C4D-94A8-18ACF9408055}.Release|Any CPU.Build.0 = Release|Any CPU
		{2E16F75A-E1D2-4014-9ABE-F4E8309D90E3}.Debug|Any CPU.ActiveCfg = Debug|Any CPU
		{2E16F75A-E1D2-4014-9ABE-F4E8309D90E3}.Debug|Any CPU.Build.0 = Debug|Any CPU
		{2E16F75A-E1D2-4014-9ABE-F4E8309D90E3}.Release|Any CPU.ActiveCfg = Release|Any CPU
		{2E16F75A-E1D2-4014-9ABE-F4E8309D90E3}.Release|Any CPU.Build.0 = Release|Any CPU
		{9CD47689-64B5-4D6B-AEC3-16AD39412DC1}.Debug|Any CPU.ActiveCfg = Debug|Any CPU
		{9CD47689-64B5-4D6B-AEC3-16AD39412DC1}.Debug|Any CPU.Build.0 = Debug|Any CPU
		{9CD47689-64B5-4D6B-AEC3-16AD39412DC1}.Release|Any CPU.ActiveCfg = Release|Any CPU
		{9CD47689-64B5-4D6B-AEC3-16AD39412DC1}.Release|Any CPU.Build.0 = Release|Any CPU
		{8942EB82-B3C1-4348-B7DD-D311230B78C6}.Debug|Any CPU.ActiveCfg = Debug|Any CPU
		{8942EB82-B3C1-4348-B7DD-D311230B78C6}.Debug|Any CPU.Build.0 = Debug|Any CPU
		{8942EB82-B3C1-4348-B7DD-D311230B78C6}.Release|Any CPU.ActiveCfg = Release|Any CPU
		{8942EB82-B3C1-4348-B7DD-D311230B78C6}.Release|Any CPU.Build.0 = Release|Any CPU
		{3A78F558-35EC-4CA7-99BC-6AF5B1E8D95F}.Debug|Any CPU.ActiveCfg = Debug|Any CPU
		{3A78F558-35EC-4CA7-99BC-6AF5B1E8D95F}.Debug|Any CPU.Build.0 = Debug|Any CPU
		{3A78F558-35EC-4CA7-99BC-6AF5B1E8D95F}.Release|Any CPU.ActiveCfg = Release|Any CPU
		{3A78F558-35EC-4CA7-99BC-6AF5B1E8D95F}.Release|Any CPU.Build.0 = Release|Any CPU
		{8E924618-45D2-4483-BF16-DB12370AED75}.Debug|Any CPU.ActiveCfg = Debug|Any CPU
		{8E924618-45D2-4483-BF16-DB12370AED75}.Debug|Any CPU.Build.0 = Debug|Any CPU
		{8E924618-45D2-4483-BF16-DB12370AED75}.Release|Any CPU.ActiveCfg = Release|Any CPU
		{8E924618-45D2-4483-BF16-DB12370AED75}.Release|Any CPU.Build.0 = Release|Any CPU
		{E30380D4-C803-4E44-9B53-E253DAF8A278}.Debug|Any CPU.ActiveCfg = Debug|Any CPU
		{E30380D4-C803-4E44-9B53-E253DAF8A278}.Debug|Any CPU.Build.0 = Debug|Any CPU
		{E30380D4-C803-4E44-9B53-E253DAF8A278}.Release|Any CPU.ActiveCfg = Release|Any CPU
		{E30380D4-C803-4E44-9B53-E253DAF8A278}.Release|Any CPU.Build.0 = Release|Any CPU
	EndGlobalSection
	GlobalSection(SolutionProperties) = preSolution
		HideSolutionNode = FALSE
	EndGlobalSection
	GlobalSection(NestedProjects) = preSolution
		{4F23E62A-5C53-45C1-9C5C-C993FFF00BFF} = {FCFEA2F2-C35C-4FD5-910F-1655A285C503}
		{A6C724F3-C638-4849-91BD-DEC22E96C87E} = {FCFEA2F2-C35C-4FD5-910F-1655A285C503}
		{EE59F7D3-5D69-479B-9E92-001FBE9EA37B} = {FCFEA2F2-C35C-4FD5-910F-1655A285C503}
		{01522632-0AB4-4A18-8429-53B67CA7A081} = {A6C724F3-C638-4849-91BD-DEC22E96C87E}
		{508FD3C2-0593-4448-B149-AACA2DC120BE} = {EE59F7D3-5D69-479B-9E92-001FBE9EA37B}
		{DB92EB0D-D261-4FD3-A18F-577D2F0B0C02} = {508FD3C2-0593-4448-B149-AACA2DC120BE}
		{9AE798D9-AC6F-484D-8272-72A758797864} = {4F23E62A-5C53-45C1-9C5C-C993FFF00BFF}
		{E4E73ADE-AB22-4C4D-94A8-18ACF9408055} = {9AE798D9-AC6F-484D-8272-72A758797864}
		{C86FE992-F103-491A-B74F-74D60BDCDE64} = {A6C724F3-C638-4849-91BD-DEC22E96C87E}
		{D83013AC-08BD-4EA3-9226-C67689044148} = {A6C724F3-C638-4849-91BD-DEC22E96C87E}
		{BEFF44EB-668F-4FD2-A210-F540A1A8AD40} = {A6C724F3-C638-4849-91BD-DEC22E96C87E}
		{3B471833-0369-4DD3-9C54-004EF660C214} = {A6C724F3-C638-4849-91BD-DEC22E96C87E}
		{990A4CF9-CFA8-4B42-8AB0-4092BBD39AD6} = {A6C724F3-C638-4849-91BD-DEC22E96C87E}
		{2E16F75A-E1D2-4014-9ABE-F4E8309D90E3} = {C86FE992-F103-491A-B74F-74D60BDCDE64}
		{9CD47689-64B5-4D6B-AEC3-16AD39412DC1} = {D83013AC-08BD-4EA3-9226-C67689044148}
		{8942EB82-B3C1-4348-B7DD-D311230B78C6} = {BEFF44EB-668F-4FD2-A210-F540A1A8AD40}
		{3A78F558-35EC-4CA7-99BC-6AF5B1E8D95F} = {3B471833-0369-4DD3-9C54-004EF660C214}
		{8E924618-45D2-4483-BF16-DB12370AED75} = {990A4CF9-CFA8-4B42-8AB0-4092BBD39AD6}
		{E30380D4-C803-4E44-9B53-E253DAF8A278} = {01522632-0AB4-4A18-8429-53B67CA7A081}
	EndGlobalSection
	GlobalSection(ExtensibilityGlobals) = postSolution
		SolutionGuid = {CE4F8AB0-0FC6-4A7C-BA03-293063C005C6}
	EndGlobalSection
EndGlobal
